
Microsoft Visual Studio Solution File, Format Version 12.00
# Visual Studio 15
VisualStudioVersion = 15.0.28307.1209
MinimumVisualStudioVersion = 10.0.40219.1
Project("{FAE04EC0-301F-11D3-BF4B-00C04F79EFBC}") = "AOP.DataAccess", "AOP.DataAccess\AOP.DataAccess.csproj", "{B90B5358-EC77-4C1C-8059-CB868F216BC7}"
EndProject
Project("{FAE04EC0-301F-11D3-BF4B-00C04F79EFBC}") = "AOP.Business", "AOP.Business\AOP.Business.csproj", "{418BFE95-595A-454A-BF01-50358BB538B9}"
EndProject
Project("{FAE04EC0-301F-11D3-BF4B-00C04F79EFBC}") = "AOP.ConsoleUI", "AOP.ConsoleUI\AOP.ConsoleUI.csproj", "{F2F47279-11E4-44DE-8740-00A2831D7827}"
EndProject
Project("{FAE04EC0-301F-11D3-BF4B-00C04F79EFBC}") = "AOP.Entities", "AOP.Entities\AOP.Entities.csproj", "{500753FD-7612-4DA2-95AA-59AB960B0A55}"
EndProject
Project("{FAE04EC0-301F-11D3-BF4B-00C04F79EFBC}") = "Core", "Core\Core.csproj", "{2A6BCF70-2155-4891-9E02-8C470DF7D403}"
EndProject
Global
	GlobalSection(SolutionConfigurationPlatforms) = preSolution
		Debug|Any CPU = Debug|Any CPU
		Release|Any CPU = Release|Any CPU
	EndGlobalSection
	GlobalSection(ProjectConfigurationPlatforms) = postSolution
		{B90B5358-EC77-4C1C-8059-CB868F216BC7}.Debug|Any CPU.ActiveCfg = Debug|Any CPU
		{B90B5358-EC77-4C1C-8059-CB868F216BC7}.Debug|Any CPU.Build.0 = Debug|Any CPU
		{B90B5358-EC77-4C1C-8059-CB868F216BC7}.Release|Any CPU.ActiveCfg = Release|Any CPU
		{B90B5358-EC77-4C1C-8059-CB868F216BC7}.Release|Any CPU.Build.0 = Release|Any CPU
		{418BFE95-595A-454A-BF01-50358BB538B9}.Debug|Any CPU.ActiveCfg = Debug|Any CPU
		{418BFE95-595A-454A-BF01-50358BB538B9}.Debug|Any CPU.Build.0 = Debug|Any CPU
		{418BFE95-595A-454A-BF01-50358BB538B9}.Release|Any CPU.ActiveCfg = Release|Any CPU
		{418BFE95-595A-454A-BF01-50358BB538B9}.Release|Any CPU.Build.0 = Release|Any CPU
		{F2F47279-11E4-44DE-8740-00A2831D7827}.Debug|Any CPU.ActiveCfg = Debug|Any CPU
		{F2F47279-11E4-44DE-8740-00A2831D7827}.Debug|Any CPU.Build.0 = Debug|Any CPU
		{F2F47279-11E4-44DE-8740-00A2831D7827}.Release|Any CPU.ActiveCfg = Release|Any CPU
		{F2F47279-11E4-44DE-8740-00A2831D7827}.Release|Any CPU.Build.0 = Release|Any CPU
		{500753FD-7612-4DA2-95AA-59AB960B0A55}.Debug|Any CPU.ActiveCfg = Debug|Any CPU
		{500753FD-7612-4DA2-95AA-59AB960B0A55}.Debug|Any CPU.Build.0 = Debug|Any CPU
		{500753FD-7612-4DA2-95AA-59AB960B0A55}.Release|Any CPU.ActiveCfg = Release|Any CPU
		{500753FD-7612-4DA2-95AA-59AB960B0A55}.Release|Any CPU.Build.0 = Release|Any CPU
		{2A6BCF70-2155-4891-9E02-8C470DF7D403}.Debug|Any CPU.ActiveCfg = Debug|Any CPU
		{2A6BCF70-2155-4891-9E02-8C470DF7D403}.Debug|Any CPU.Build.0 = Debug|Any CPU
		{2A6BCF70-2155-4891-9E02-8C470DF7D403}.Release|Any CPU.ActiveCfg = Release|Any CPU
		{2A6BCF70-2155-4891-9E02-8C470DF7D403}.Release|Any CPU.Build.0 = Release|Any CPU
	EndGlobalSection
	GlobalSection(SolutionProperties) = preSolution
		HideSolutionNode = FALSE
	EndGlobalSection
	GlobalSection(ExtensibilityGlobals) = postSolution
		SolutionGuid = {30A27266-92B4-4EC3-AC38-A277704B5641}
	EndGlobalSection
EndGlobal
